github.com/ralvarezdev/go-context v0.0.1 h1:FInuzYGKiPBenD6+doVrrvu6C2s/Oh93h6lO7rWujMI=
github.com/ralvarezdev/go-context v0.0.1/go.mod h1:wOyMbWyhhM8GwT3bzZ6Gvx8rJQfAXYpDwN9PUB7uR0M=
github.com/ralvarezdev/go-crypto v0.6.4 h1:eX257KaSWGa4zU+COX7Ja0yzbkAPdwRAtPlDaejLWqE=
github.com/ralvarezdev/go-crypto v0.6.4/go.mod h1:jY/KGELdLAiBZSbn7x5jRGCDifEGF4X5GvhgAFZJnSM=
