github.com/ralvarezdev/go-context v0.1.1 h1:2szE1LJNGsB3IKi4y/n+gUZ1pjcyWWg1gr9t/gj9dxk=
github.com/ralvarezdev/go-context v0.1.1/go.mod h1:wOyMbWyhhM8GwT3bzZ6Gvx8rJQfAXYpDwN9PUB7uR0M=
github.com/ralvarezdev/go-crypto v0.6.4 h1:eX257KaSWGa4zU+COX7Ja0yzbkAPdwRAtPlDaejLWqE=
github.com/ralvarezdev/go-crypto v0.6.4/go.mod h1:jY/KGELdLAiBZSbn7x5jRGCDifEGF4X5GvhgAFZJnSM=
